// !$*UTF8*$!
{
	archiveVersion = 1;
	classes = {
	};
	objectVersion = 56;
	objects = {

/* Begin PBXBuildFile section */
		F3F0DA882912243900756166 /* WebMapDemoAsUIKitIntSwiftUIApp.swift in Sources */ = {isa = PBXBuildFile; fileRef = F3F0DA872912243900756166 /* WebMapDemoAsUIKitIntSwiftUIApp.swift */; };
		F3F0DA8A2912243900756166 /* ContentView.swift in Sources */ = {isa = PBXBuildFile; fileRef = F3F0DA892912243900756166 /* ContentView.swift */; };
		F3F0DA8C2912243B00756166 /* Assets.xcassets in Resources */ = {isa = PBXBuildFile; fileRef = F3F0DA8B2912243B00756166 /* Assets.xcassets */; };
		F3F0DA8F2912243B00756166 /* Preview Assets.xcassets in Resources */ = {isa = PBXBuildFile; fileRef = F3F0DA8E2912243B00756166 /* Preview Assets.xcassets */; };
		F3F0DA982912254200756166 /* WebTapView.swift in Sources */ = {isa = PBXBuildFile; fileRef = F3F0DA972912254200756166 /* WebTapView.swift */; };
		F3F0DA9A2912254D00756166 /* MapTapView.swift in Sources */ = {isa = PBXBuildFile; fileRef = F3F0DA992912254D00756166 /* MapTapView.swift */; };
		F3F0DA9C2912284800756166 /* SafariView.swift in Sources */ = {isa = PBXBuildFile; fileRef = F3F0DA9B2912284800756166 /* SafariView.swift */; };
/* End PBXBuildFile section */

/* Begin PBXFileReference section */
		F3F0DA842912243900756166 /* WebMapDemoAsUIKitIntSwiftUI.app */ = {isa = PBXFileReference; explicitFileType = wrapper.application; includeInIndex = 0; path = WebMapDemoAsUIKitIntSwiftUI.app; sourceTree = BUILT_PRODUCTS_DIR; };
		F3F0DA872912243900756166 /* WebMapDemoAsUIKitIntSwiftUIApp.swift */ = {isa = PBXFileReference; lastKnownFileType = sourcecode.swift; path = WebMapDemoAsUIKitIntSwiftUIApp.swift; sourceTree = "<group>"; };
		F3F0DA892912243900756166 /* ContentView.swift */ = {isa = PBXFileReference; lastKnownFileType = sourcecode.swift; path = ContentView.swift; sourceTree = "<group>"; };
		F3F0DA8B2912243B00756166 /* Assets.xcassets */ = {isa = PBXFileReference; lastKnownFileType = folder.assetcatalog; path = Assets.xcassets; sourceTree = "<group>"; };
		F3F0DA8E2912243B00756166 /* Preview Assets.xcassets */ = {isa = PBXFileReference; lastKnownFileType = folder.assetcatalog; path = "Preview Assets.xcassets"; sourceTree = "<group>"; };
		F3F0DA972912254200756166 /* WebTapView.swift */ = {isa = PBXFileReference; lastKnownFileType = sourcecode.swift; path = WebTapView.swift; sourceTree = "<group>"; };
		F3F0DA992912254D00756166 /* MapTapView.swift */ = {isa = PBXFileReference; lastKnownFileType = sourcecode.swift; path = MapTapView.swift; sourceTree = "<group>"; };
		F3F0DA9B2912284800756166 /* SafariView.swift */ = {isa = PBXFileReference; lastKnownFileType = sourcecode.swift; path = SafariView.swift; sourceTree = "<group>"; };
/* End PBXFileReference section */

/* Begin PBXFrameworksBuildPhase section */
		F3F0DA812912243900756166 /* Frameworks */ = {
			isa = PBXFrameworksBuildPhase;
			buildActionMask = 2147483647;
			files = (
			);
			runOnlyForDeploymentPostprocessing = 0;
		};
/* End PBXFrameworksBuildPhase section */

/* Begin PBXGroup section */
		F3F0DA7B2912243800756166 = {
			isa = PBXGroup;
			children = (
				F3F0DA862912243900756166 /* WebMapDemoAsUIKitIntSwiftUI */,
				F3F0DA852912243900756166 /* Products */,
			);
			sourceTree = "<group>";
		};
		F3F0DA852912243900756166 /* Products */ = {
			isa = PBXGroup;
			children = (
				F3F0DA842912243900756166 /* WebMapDemoAsUIKitIntSwiftUI.app */,
			);
			name = Products;
			sourceTree = "<group>";
		};
		F3F0DA862912243900756166 /* WebMapDemoAsUIKitIntSwiftUI */ = {
			isa = PBXGroup;
			children = (
				F3F0DA872912243900756166 /* WebMapDemoAsUIKitIntSwiftUIApp.swift */,
				F3F0DA892912243900756166 /* ContentView.swift */,
				F3F0DA972912254200756166 /* WebTapView.swift */,
				F3F0DA9B2912284800756166 /* SafariView.swift */,
				F3F0DA992912254D00756166 /* MapTapView.swift */,
				F3F0DA8B2912243B00756166 /* Assets.xcassets */,
				F3F0DA8D2912243B00756166 /* Preview Content */,
			);
			path = WebMapDemoAsUIKitIntSwiftUI;
			sourceTree = "<group>";
		};
		F3F0DA8D2912243B00756166 /* Preview Content */ = {
			isa = PBXGroup;
			children = (
				F3F0DA8E2912243B00756166 /* Preview Assets.xcassets */,
			);
			path = "Preview Content";
			sourceTree = "<group>";
		};
/* End PBXGroup section */

/* Begin PBXNativeTarget section */
		F3F0DA832912243900756166 /* WebMapDemoAsUIKitIntSwiftUI */ = {
			isa = PBXNativeTarget;
			buildConfigurationList = F3F0DA922912243B00756166 /* Build configuration list for PBXNativeTarget "WebMapDemoAsUIKitIntSwiftUI" */;
			buildPhases = (
				F3F0DA802912243900756166 /* Sources */,
				F3F0DA812912243900756166 /* Frameworks */,
				F3F0DA822912243900756166 /* Resources */,
			);
			buildRules = (
			);
			dependencies = (
			);
			name = WebMapDemoAsUIKitIntSwiftUI;
			productName = WebMapDemoAsUIKitIntSwiftUI;
			productReference = F3F0DA842912243900756166 /* WebMapDemoAsUIKitIntSwiftUI.app */;
			productType = "com.apple.product-type.application";
		};
/* End PBXNativeTarget section */

/* Begin PBXProject section */
		F3F0DA7C2912243800756166 /* Project object */ = {
			isa = PBXProject;
			attributes = {
				BuildIndependentTargetsInParallel = 1;
				LastSwiftUpdateCheck = 1400;
				LastUpgradeCheck = 1400;
				TargetAttributes = {
					F3F0DA832912243900756166 = {
						CreatedOnToolsVersion = 14.0.1;
					};
				};
			};
			buildConfigurationList = F3F0DA7F2912243800756166 /* Build configuration list for PBXProject "WebMapDemoAsUIKitIntSwiftUI" */;
			compatibilityVersion = "Xcode 14.0";
			developmentRegion = en;
			hasScannedForEncodings = 0;
			knownRegions = (
				en,
				Base,
			);
			mainGroup = F3F0DA7B2912243800756166;
			productRefGroup = F3F0DA852912243900756166 /* Products */;
			projectDirPath = "";
			projectRoot = "";
			targets = (
				F3F0DA832912243900756166 /* WebMapDemoAsUIKitIntSwiftUI */,
			);
		};
/* End PBXProject section */

/* Begin PBXResourcesBuildPhase section */
		F3F0DA822912243900756166 /* Resources */ = {
			isa = PBXResourcesBuildPhase;
			buildActionMask = 2147483647;
			files = (
				F3F0DA8F2912243B00756166 /* Preview Assets.xcassets in Resources */,
				F3F0DA8C2912243B00756166 /* Assets.xcassets in Resources */,
			);
			runOnlyForDeploymentPostprocessing = 0;
		};
/* End PBXResourcesBuildPhase section */

/* Begin PBXSourcesBuildPhase section */
		F3F0DA802912243900756166 /* Sources */ = {
			isa = PBXSourcesBuildPhase;
			buildActionMask = 2147483647;
			files = (
				F3F0DA8A2912243900756166 /* ContentView.swift in Sources */,
				F3F0DA9A2912254D00756166 /* MapTapView.swift in Sources */,
				F3F0DA982912254200756166 /* WebTapView.swift in Sources */,
				F3F0DA882912243900756166 /* WebMapDemoAsUIKitIntSwiftUIApp.swift in Sources */,
				F3F0DA9C2912284800756166 /* SafariView.swift in Sources */,
			);
			runOnlyForDeploymentPostprocessing = 0;
		};
/* End PBXSourcesBuildPhase section */

/* Begin XCBuildConfiguration section */
		F3F0DA902912243B00756166 /* Debug */ = {
			isa = XCBuildConfiguration;
			buildSettings = {
				ALWAYS_SEARCH_USER_PATHS = NO;
				CLANG_ANALYZER_NONNULL = YES;
				CLANG_ANALYZER_NUMBER_OBJECT_CONVERSION = YES_AGGRESSIVE;
				CLANG_CXX_LANGUAGE_STANDARD = "gnu++20";
				CLANG_ENABLE_MODULES = YES;
				CLANG_ENABLE_OBJC_ARC = YES;
				CLANG_ENABLE_OBJC_WEAK = YES;
				CLANG_WARN_BLOCK_CAPTURE_AUTORELEASING = YES;
				CLANG_WARN_BOOL_CONVERSION = YES;
				CLANG_WARN_COMMA = YES;
				CLANG_WARN_CONSTANT_CONVERSION = YES;
				CLANG_WARN_DEPRECATED_OBJC_IMPLEMENTATIONS = YES;
				CLANG_WARN_DIRECT_OBJC_ISA_USAGE = YES_ERROR;
				CLANG_WARN_DOCUMENTATION_COMMENTS = YES;
				CLANG_WARN_EMPTY_BODY = YES;
				CLANG_WARN_ENUM_CONVERSION = YES;
				CLANG_WARN_INFINITE_RECURSION = YES;
				CLANG_WARN_INT_CONVERSION = YES;
				CLANG_WARN_NON_LITERAL_NULL_CONVERSION = YES;
				CLANG_WARN_OBJC_IMPLICIT_RETAIN_SELF = YES;
				CLANG_WARN_OBJC_LITERAL_CONVERSION = YES;
				CLANG_WARN_OBJC_ROOT_CLASS = YES_ERROR;
				CLANG_WARN_QUOTED_INCLUDE_IN_FRAMEWORK_HEADER = YES;
				CLANG_WARN_RANGE_LOOP_ANALYSIS = YES;
				CLANG_WARN_STRICT_PROTOTYPES = YES;
				CLANG_WARN_SUSPICIOUS_MOVE = YES;
				CLANG_WARN_UNGUARDED_AVAILABILITY = YES_AGGRESSIVE;
				CLANG_WARN_UNREACHABLE_CODE = YES;
				CLANG_WARN__DUPLICATE_METHOD_MATCH = YES;
				COPY_PHASE_STRIP = NO;
				DEBUG_INFORMATION_FORMAT = dwarf;
				ENABLE_STRICT_OBJC_MSGSEND = YES;
				ENABLE_TESTABILITY = YES;
				GCC_C_LANGUAGE_STANDARD = gnu11;
				GCC_DYNAMIC_NO_PIC = NO;
				GCC_NO_COMMON_BLOCKS = YES;
				GCC_OPTIMIZATION_LEVEL = 0;
				GCC_PREPROCESSOR_DEFINITIONS = (
					"DEBUG=1",
					"$(inherited)",
				);
				GCC_WARN_64_TO_32_BIT_CONVERSION = YES;
				GCC_WARN_ABOUT_RETURN_TYPE = YES_ERROR;
				GCC_WARN_UNDECLARED_SELECTOR = YES;
				GCC_WARN_UNINITIALIZED_AUTOS = YES_AGGRESSIVE;
				GCC_WARN_UNUSED_FUNCTION = YES;
				GCC_WARN_UNUSED_VARIABLE = YES;
				IPHONEOS_DEPLOYMENT_TARGET = 16.0;
				MTL_ENABLE_DEBUG_INFO = INCLUDE_SOURCE;
				MTL_FAST_MATH = YES;
				ONLY_ACTIVE_ARCH = YES;
				SDKROOT = iphoneos;
				SWIFT_ACTIVE_COMPILATION_CONDITIONS = DEBUG;
				SWIFT_OPTIMIZATION_LEVEL = "-Onone";
			};
			name = Debug;
		};
		F3F0DA912912243B00756166 /* Release */ = {
			isa = XCBuildConfiguration;
			buildSettings = {
				ALWAYS_SEARCH_USER_PATHS = NO;
				CLANG_ANALYZER_NONNULL = YES;
				CLANG_ANALYZER_NUMBER_OBJECT_CONVERSION = YES_AGGRESSIVE;
				CLANG_CXX_LANGUAGE_STANDARD = "gnu++20";
				CLANG_ENABLE_MODULES = YES;
				CLANG_ENABLE_OBJC_ARC = YES;
				CLANG_ENABLE_OBJC_WEAK = YES;
				CLANG_WARN_BLOCK_CAPTURE_AUTORELEASING = YES;
				CLANG_WARN_BOOL_CONVERSION = YES;
				CLANG_WARN_COMMA = YES;
				CLANG_WARN_CONSTANT_CONVERSION = YES;
				CLANG_WARN_DEPRECATED_OBJC_IMPLEMENTATIONS = YES;
				CLANG_WARN_DIRECT_OBJC_ISA_USAGE = YES_ERROR;
				CLANG_WARN_DOCUMENTATION_COMMENTS = YES;
				CLANG_WARN_EMPTY_BODY = YES;
				CLANG_WARN_ENUM_CONVERSION = YES;
				CLANG_WARN_INFINITE_RECURSION = YES;
				CLANG_WARN_INT_CONVERSION = YES;
				CLANG_WARN_NON_LITERAL_NULL_CONVERSION = YES;
				CLANG_WARN_OBJC_IMPLICIT_RETAIN_SELF = YES;
				CLANG_WARN_OBJC_LITERAL_CONVERSION = YES;
				CLANG_WARN_OBJC_ROOT_CLASS = YES_ERROR;
				CLANG_WARN_QUOTED_INCLUDE_IN_FRAMEWORK_HEADER = YES;
				CLANG_WARN_RANGE_LOOP_ANALYSIS = YES;
				CLANG_WARN_STRICT_PROTOTYPES = YES;
				CLANG_WARN_SUSPICIOUS_MOVE = YES;
				CLANG_WARN_UNGUARDED_AVAILABILITY = YES_AGGRESSIVE;
				CLANG_WARN_UNREACHABLE_CODE = YES;
				CLANG_WARN__DUPLICATE_METHOD_MATCH = YES;
				COPY_PHASE_STRIP = NO;
				DEBUG_INFORMATION_FORMAT = "dwarf-with-dsym";
				ENABLE_NS_ASSERTIONS = NO;
				ENABLE_STRICT_OBJC_MSGSEND = YES;
				GCC_C_LANGUAGE_STANDARD = gnu11;
				GCC_NO_COMMON_BLOCKS = YES;
				GCC_WARN_64_TO_32_BIT_CONVERSION = YES;
				GCC_WARN_ABOUT_RETURN_TYPE = YES_ERROR;
				GCC_WARN_UNDECLARED_SELECTOR = YES;
				GCC_WARN_UNINITIALIZED_AUTOS = YES_AGGRESSIVE;
				GCC_WARN_UNUSED_FUNCTION = YES;
				GCC_WARN_UNUSED_VARIABLE = YES;
				IPHONEOS_DEPLOYMENT_TARGET = 16.0;
				MTL_ENABLE_DEBUG_INFO = NO;
				MTL_FAST_MATH = YES;
				SDKROOT = iphoneos;
				SWIFT_COMPILATION_MODE = wholemodule;
				SWIFT_OPTIMIZATION_LEVEL = "-O";
				VALIDATE_PRODUCT = YES;
			};
			name = Release;
		};
		F3F0DA932912243B00756166 /* Debug */ = {
			isa = XCBuildConfiguration;
			buildSettings = {
				ASSETCATALOG_COMPILER_APPICON_NAME = AppIcon;
				ASSETCATALOG_COMPILER_GLOBAL_ACCENT_COLOR_NAME = AccentColor;
				CODE_SIGN_STYLE = Automatic;
				CURRENT_PROJECT_VERSION = 1;
				DEVELOPMENT_ASSET_PATHS = "\"WebMapDemoAsUIKitIntSwiftUI/Preview Content\"";
				ENABLE_PREVIEWS = YES;
				GENERATE_INFOPLIST_FILE = YES;
				INFOPLIST_KEY_UIApplicationSceneManifest_Generation = YES;
				INFOPLIST_KEY_UIApplicationSupportsIndirectInputEvents = YES;
				INFOPLIST_KEY_UILaunchScreen_Generation = YES;
				INFOPLIST_KEY_UISupportedInterfaceOrientations_iPad = "UIInterfaceOrientationPortrait UIInterfaceOrientationPortraitUpsideDown UIInterfaceOrientationLandscapeLeft UIInterfaceOrientationLandscapeRight";
				INFOPLIST_KEY_UISupportedInterfaceOrientations_iPhone = "UIInterfaceOrientationPortrait UIInterfaceOrientationLandscapeLeft UIInterfaceOrientationLandscapeRight";
				LD_RUNPATH_SEARCH_PATHS = (
					"$(inherited)",
					"@executable_path/Frameworks",
				);
				MARKETING_VERSION = 1.0;
				PRODUCT_BUNDLE_IDENTIFIER = com.codelion.WebMapDemoAsUIKitIntSwiftUI;
				PRODUCT_NAME = "$(TARGET_NAME)";
				SWIFT_EMIT_LOC_STRINGS = YES;
				SWIFT_VERSION = 5.0;
				TARGETED_DEVICE_FAMILY = "1,2";
			};
			name = Debug;
		};
		F3F0DA942912243B00756166 /* Release */ = {
			isa = XCBuildConfiguration;
			buildSettings = {
				ASSETCATALOG_COMPILER_APPICON_NAME = AppIcon;
				ASSETCATALOG_COMPILER_GLOBAL_ACCENT_COLOR_NAME = AccentColor;
				CODE_SIGN_STYLE = Automatic;
				CURRENT_PROJECT_VERSION = 1;
				DEVELOPMENT_ASSET_PATHS = "\"WebMapDemoAsUIKitIntSwiftUI/Preview Content\"";
				ENABLE_PREVIEWS = YES;
				GENERATE_INFOPLIST_FILE = YES;
				INFOPLIST_KEY_UIApplicationSceneManifest_Generation = YES;
				INFOPLIST_KEY_UIApplicationSupportsIndirectInputEvents = YES;
				INFOPLIST_KEY_UILaunchScreen_Generation = YES;
				INFOPLIST_KEY_UISupportedInterfaceOrientations_iPad = "UIInterfaceOrientationPortrait UIInterfaceOrientationPortraitUpsideDown UIInterfaceOrientationLandscapeLeft UIInterfaceOrientationLandscapeRight";
				INFOPLIST_KEY_UISupportedInterfaceOrientations_iPhone = "UIInterfaceOrientationPortrait UIInterfaceOrientationLandscapeLeft UIInterfaceOrientationLandscapeRight";
				LD_RUNPATH_SEARCH_PATHS = (
					"$(inherited)",
					"@executable_path/Frameworks",
				);
				MARKETING_VERSION = 1.0;
				PRODUCT_BUNDLE_IDENTIFIER = com.codelion.WebMapDemoAsUIKitIntSwiftUI;
				PRODUCT_NAME = "$(TARGET_NAME)";
				SWIFT_EMIT_LOC_STRINGS = YES;
				SWIFT_VERSION = 5.0;
				TARGETED_DEVICE_FAMILY = "1,2";
			};
			name = Release;
		};
/* End XCBuildConfiguration section */

/* Begin XCConfigurationList section */
		F3F0DA7F2912243800756166 /* Build configuration list for PBXProject "WebMapDemoAsUIKitIntSwiftUI" */ = {
			isa = XCConfigurationList;
			buildConfigurations = (
				F3F0DA902912243B00756166 /* Debug */,
				F3F0DA912912243B00756166 /* Release */,
			);
			defaultConfigurationIsVisible = 0;
			defaultConfigurationName = Release;
		};
		F3F0DA922912243B00756166 /* Build configuration list for PBXNativeTarget "WebMapDemoAsUIKitIntSwiftUI" */ = {
			isa = XCConfigurationList;
			buildConfigurations = (
				F3F0DA932912243B00756166 /* Debug */,
				F3F0DA942912243B00756166 /* Release */,
			);
			defaultConfigurationIsVisible = 0;
			defaultConfigurationName = Release;
		};
/* End XCConfigurationList section */
	};
	rootObject = F3F0DA7C2912243800756166 /* Project object */;
}
